
Microsoft Visual Studio Solution File, Format Version 12.00
# Visual Studio Version 16
VisualStudioVersion = 16.0.31025.194
MinimumVisualStudioVersion = 10.0.40219.1
Project("{FAE04EC0-301F-11D3-BF4B-00C04F79EFBC}") = "ConsoleApp2", "ConsoleApp2\ConsoleApp2.csproj", "{0644CB5C-0CFE-478E-A761-E17EA65CA782}"
EndProject
Global
	GlobalSection(SolutionConfigurationPlatforms) = preSolution
		Debug|Any CPU = Debug|Any CPU
		Release|Any CPU = Release|Any CPU
	EndGlobalSection
	GlobalSection(ProjectConfigurationPlatforms) = postSolution
		{0644CB5C-0CFE-478E-A761-E17EA65CA782}.Debug|Any CPU.ActiveCfg = Debug|Any CPU
		{0644CB5C-0CFE-478E-A761-E17EA65CA782}.Debug|Any CPU.Build.0 = Debug|Any CPU
		{0644CB5C-0CFE-478E-A761-E17EA65CA782}.Release|Any CPU.ActiveCfg = Release|Any CPU
		{0644CB5C-0CFE-478E-A761-E17EA65CA782}.Release|Any CPU.Build.0 = Release|Any CPU
	EndGlobalSection
	GlobalSection(SolutionProperties) = preSolution
		HideSolutionNode = FALSE
	EndGlobalSection
	GlobalSection(ExtensibilityGlobals) = postSolution
		SolutionGuid = {B5150A62-F84F-4210-823F-FCE2182D8E9E}
	EndGlobalSection
EndGlobal
