
Microsoft Visual Studio Solution File, Format Version 12.00
# Visual Studio Version 16
VisualStudioVersion = 16.0.31025.194
MinimumVisualStudioVersion = 10.0.40219.1
Project("{FAE04EC0-301F-11D3-BF4B-00C04F79EFBC}") = "carRentMgr0611", "carRentMgr0611\carRentMgr0611.csproj", "{B788DEA4-6AE9-463E-B717-E760DDA75585}"
EndProject
Global
	GlobalSection(SolutionConfigurationPlatforms) = preSolution
		Debug|Any CPU = Debug|Any CPU
		Release|Any CPU = Release|Any CPU
	EndGlobalSection
	GlobalSection(ProjectConfigurationPlatforms) = postSolution
		{B788DEA4-6AE9-463E-B717-E760DDA75585}.Debug|Any CPU.ActiveCfg = Debug|Any CPU
		{B788DEA4-6AE9-463E-B717-E760DDA75585}.Debug|Any CPU.Build.0 = Debug|Any CPU
		{B788DEA4-6AE9-463E-B717-E760DDA75585}.Release|Any CPU.ActiveCfg = Release|Any CPU
		{B788DEA4-6AE9-463E-B717-E760DDA75585}.Release|Any CPU.Build.0 = Release|Any CPU
	EndGlobalSection
	GlobalSection(SolutionProperties) = preSolution
		HideSolutionNode = FALSE
	EndGlobalSection
	GlobalSection(ExtensibilityGlobals) = postSolution
		SolutionGuid = {715425E4-B4AA-43DF-9E70-7DEBD2D2B4D5}
	EndGlobalSection
EndGlobal
