
Microsoft Visual Studio Solution File, Format Version 12.00
# Visual Studio Version 16
VisualStudioVersion = 16.0.31112.23
MinimumVisualStudioVersion = 10.0.40219.1
Project("{FAE04EC0-301F-11D3-BF4B-00C04F79EFBC}") = "1313", "1313\1313.csproj", "{FF571CA7-EBEC-4AC9-81C9-71EA78E597A0}"
EndProject
Global
	GlobalSection(SolutionConfigurationPlatforms) = preSolution
		Debug|Any CPU = Debug|Any CPU
		Release|Any CPU = Release|Any CPU
	EndGlobalSection
	GlobalSection(ProjectConfigurationPlatforms) = postSolution
		{FF571CA7-EBEC-4AC9-81C9-71EA78E597A0}.Debug|Any CPU.ActiveCfg = Debug|Any CPU
		{FF571CA7-EBEC-4AC9-81C9-71EA78E597A0}.Debug|Any CPU.Build.0 = Debug|Any CPU
		{FF571CA7-EBEC-4AC9-81C9-71EA78E597A0}.Release|Any CPU.ActiveCfg = Release|Any CPU
		{FF571CA7-EBEC-4AC9-81C9-71EA78E597A0}.Release|Any CPU.Build.0 = Release|Any CPU
	EndGlobalSection
	GlobalSection(SolutionProperties) = preSolution
		HideSolutionNode = FALSE
	EndGlobalSection
	GlobalSection(ExtensibilityGlobals) = postSolution
		SolutionGuid = {E7851A82-F22C-4251-8BD0-7E087D2EE1CF}
	EndGlobalSection
EndGlobal
